
Microsoft Visual Studio Solution File, Format Version 12.00
# Visual Studio Version 16
VisualStudioVersion = 16.0.29709.97
MinimumVisualStudioVersion = 10.0.40219.1
Project("{FAE04EC0-301F-11D3-BF4B-00C04F79EFBC}") = "SimpleMessenger", "SimpleMessenger\SimpleMessenger.csproj", "{A0152E73-771E-4A4B-9BA9-A3FB88BA2348}"
EndProject
Project("{FAE04EC0-301F-11D3-BF4B-00C04F79EFBC}") = "Server", "Server\Server.csproj", "{D8F339B4-6DAB-41E4-970C-70D2D527AE20}"
EndProject
Global
	GlobalSection(SolutionConfigurationPlatforms) = preSolution
		Debug|Any CPU = Debug|Any CPU
		Release|Any CPU = Release|Any CPU
	EndGlobalSection
	GlobalSection(ProjectConfigurationPlatforms) = postSolution
		{A0152E73-771E-4A4B-9BA9-A3FB88BA2348}.Debug|Any CPU.ActiveCfg = Debug|Any CPU
		{A0152E73-771E-4A4B-9BA9-A3FB88BA2348}.Debug|Any CPU.Build.0 = Debug|Any CPU
		{A0152E73-771E-4A4B-9BA9-A3FB88BA2348}.Release|Any CPU.ActiveCfg = Release|Any CPU
		{A0152E73-771E-4A4B-9BA9-A3FB88BA2348}.Release|Any CPU.Build.0 = Release|Any CPU
		{D8F339B4-6DAB-41E4-970C-70D2D527AE20}.Debug|Any CPU.ActiveCfg = Debug|Any CPU
		{D8F339B4-6DAB-41E4-970C-70D2D527AE20}.Debug|Any CPU.Build.0 = Debug|Any CPU
		{D8F339B4-6DAB-41E4-970C-70D2D527AE20}.Release|Any CPU.ActiveCfg = Release|Any CPU
		{D8F339B4-6DAB-41E4-970C-70D2D527AE20}.Release|Any CPU.Build.0 = Release|Any CPU
	EndGlobalSection
	GlobalSection(SolutionProperties) = preSolution
		HideSolutionNode = FALSE
	EndGlobalSection
	GlobalSection(ExtensibilityGlobals) = postSolution
		SolutionGuid = {6C1F3728-11D5-4404-84A0-1FBA1F1D8D86}
	EndGlobalSection
EndGlobal
